Microsoft Visual Studio Solution File, Format Version 12.00
# Visual Studio Version 17
VisualStudioVersion = 17.5.2.0
MinimumVisualStudioVersion = 10.0.40219.1
Project("{2150E333-8FDC-42A3-9474-1A3956D46DE8}") = "RevitAppBundle", "RevitAppBundle", "{F28C991C-69F7-B47F-0C67-48C00D42BB16}"
EndProject
Project("{FAE04EC0-301F-11D3-BF4B-00C04F79EFBC}") = "RevitCloudPublisher", "RevitAppBundle\RevitCloudPublisher.csproj", "{F9E280A1-C96E-E0C7-C01C-0BE8D71B004D}"
EndProject
Global
	GlobalSection(SolutionConfigurationPlatforms) = preSolution
		Debug|Any CPU = Debug|Any CPU
		Release|Any CPU = Release|Any CPU
	EndGlobalSection
	GlobalSection(ProjectConfigurationPlatforms) = postSolution
		{F9E280A1-C96E-E0C7-C01C-0BE8D71B004D}.Debug|Any CPU.ActiveCfg = Debug|Any CPU
		{F9E280A1-C96E-E0C7-C01C-0BE8D71B004D}.Debug|Any CPU.Build.0 = Debug|Any CPU
		{F9E280A1-C96E-E0C7-C01C-0BE8D71B004D}.Release|Any CPU.ActiveCfg = Release|Any CPU
		{F9E280A1-C96E-E0C7-C01C-0BE8D71B004D}.Release|Any CPU.Build.0 = Release|Any CPU
	EndGlobalSection
	GlobalSection(SolutionProperties) = preSolution
		HideSolutionNode = FALSE
	EndGlobalSection
	GlobalSection(NestedProjects) = preSolution
		{F9E280A1-C96E-E0C7-C01C-0BE8D71B004D} = {F28C991C-69F7-B47F-0C67-48C00D42BB16}
	EndGlobalSection
	GlobalSection(ExtensibilityGlobals) = postSolution
		SolutionGuid = {4460ACB4-F725-495E-A88E-BF7C57B15131}
	EndGlobalSection
EndGlobal
